
Microsoft Visual Studio Solution File, Format Version 12.00
# Visual Studio Version 17
VisualStudioVersion = 17.0.32126.317
MinimumVisualStudioVersion = 10.0.40219.1
Project("{9A19103F-16F7-4668-BE54-9A1E7A4F7556}") = "Semester2", "Semester2\Semester2.csproj", "{7864DE62-2A88-44FB-B4B4-AD57B1786A7A}"
EndProject
Project("{9A19103F-16F7-4668-BE54-9A1E7A4F7556}") = "Lesson18Class", "Lesson18Class\Lesson18Class.csproj", "{2177DF7A-4514-4922-B526-03E22AE394EA}"
EndProject
Project("{9A19103F-16F7-4668-BE54-9A1E7A4F7556}") = "SchoolClass", "SchoolClass\SchoolClass.csproj", "{8AC90BE0-FAC1-4F15-9526-5CBC3724BE3A}"
EndProject
Project("{9A19103F-16F7-4668-BE54-9A1E7A4F7556}") = "SchoolClassnew", "SchoolClassnew\SchoolClassnew.csproj", "{BB6658E7-ED68-4D48-BA9C-1952FB351F85}"
EndProject
Project("{9A19103F-16F7-4668-BE54-9A1E7A4F7556}") = "SchoolClassInheritanc", "SchoolClassInheritanc\SchoolClassInheritanc.csproj", "{7AE5ECFC-91D9-430B-B1E4-C11A42960AD2}"
EndProject
Project("{9A19103F-16F7-4668-BE54-9A1E7A4F7556}") = "Game", "Game\Game.csproj", "{AD40A67A-2145-4715-9971-A363D9EBBB74}"
EndProject
Project("{9A19103F-16F7-4668-BE54-9A1E7A4F7556}") = "MoveTest", "MoveTest\MoveTest.csproj", "{06FCB533-812B-4383-9165-B3EBBBF7721A}"
EndProject
Project("{9A19103F-16F7-4668-BE54-9A1E7A4F7556}") = "Game2", "Game2\Game2.csproj", "{177F4287-B9AB-46D2-9E7D-B2BDE4EDC2E0}"
EndProject
Project("{9A19103F-16F7-4668-BE54-9A1E7A4F7556}") = "BadCalc", "BadCalc\BadCalc.csproj", "{A9E88154-E5FB-474A-BC0A-DA8001540DEE}"
EndProject
Project("{FAE04EC0-301F-11D3-BF4B-00C04F79EFBC}") = "AbstracStudent", "AbstracStudent\AbstracStudent.csproj", "{0DE11B20-868A-4EBD-B498-887959221839}"
EndProject
Project("{FAE04EC0-301F-11D3-BF4B-00C04F79EFBC}") = "iftest", "iftest\iftest.csproj", "{EF71A32A-2CF3-49E9-AC65-739B41B18BF3}"
EndProject
Project("{9A19103F-16F7-4668-BE54-9A1E7A4F7556}") = "StrangeLibrary", "StrangeLibrary\StrangeLibrary.csproj", "{C4760BC9-3BE4-4D93-BF3B-049965D649E7}"
EndProject
Project("{9A19103F-16F7-4668-BE54-9A1E7A4F7556}") = "GenerateText", "GenerateText\GenerateText.csproj", "{7BC0A0C9-CF95-4988-BF5B-84D719BA554C}"
EndProject
Project("{9A19103F-16F7-4668-BE54-9A1E7A4F7556}") = "BracketTest", "BracketTest\BracketTest.csproj", "{A799F7E6-F40B-4420-BB00-DE1ADA636CA1}"
EndProject
Project("{9A19103F-16F7-4668-BE54-9A1E7A4F7556}") = "Guitest", "Guitest\Guitest.csproj", "{76D8D22F-918E-4AD4-B63D-9AC5219C68DA}"
EndProject
Project("{9A19103F-16F7-4668-BE54-9A1E7A4F7556}") = "intTest", "intTest\intTest.csproj", "{9E1E5D94-8602-417C-BE8C-446ED33E028B}"
EndProject
Project("{9A19103F-16F7-4668-BE54-9A1E7A4F7556}") = "GuiButton", "GuiButton\GuiButton.csproj", "{C75079BE-C5C4-4410-99C2-3AFB45BE73B2}"
EndProject
Project("{9A19103F-16F7-4668-BE54-9A1E7A4F7556}") = "UI3", "UI3\UI3.csproj", "{5C16338D-6A88-4E1C-95FC-546D4C7AED23}"
EndProject
Project("{9A19103F-16F7-4668-BE54-9A1E7A4F7556}") = "UnitCinverter", "UnitCinverter\UnitCinverter.csproj", "{038C12D4-DE79-4400-A2E5-A1C0BEB6AEF3}"
EndProject
Project("{9A19103F-16F7-4668-BE54-9A1E7A4F7556}") = "reminder", "reminder\reminder.csproj", "{A764A66B-5035-47CE-B584-2ADA55C91996}"
EndProject
Project("{9A19103F-16F7-4668-BE54-9A1E7A4F7556}") = "RacingGame", "RacingGame\RacingGame.csproj", "{1C67B7D2-4AA7-45EF-BF88-1FCC1CD88C0C}"
EndProject
Project("{9A19103F-16F7-4668-BE54-9A1E7A4F7556}") = "RacinConsole", "RacinConsole\RacinConsole.csproj", "{6917E8F2-F967-4719-8BF1-F8C4FBC0492F}"
EndProject
Project("{9A19103F-16F7-4668-BE54-9A1E7A4F7556}") = "CountryThing", "CountryThing\CountryThing.csproj", "{6D92ACD7-BDBB-4977-842E-9264666F9322}"
EndProject
Project("{FAE04EC0-301F-11D3-BF4B-00C04F79EFBC}") = "MathTable", "MathTable\MathTable.csproj", "{C292254C-443A-4C28-B5F2-3668086E4E9C}"
EndProject
Project("{FAE04EC0-301F-11D3-BF4B-00C04F79EFBC}") = "CalcV2", "CalcV2\CalcV2.csproj", "{3A9614D9-13AF-4737-A37F-479E801652BA}"
EndProject
Global
	GlobalSection(SolutionConfigurationPlatforms) = preSolution
		Debug|Any CPU = Debug|Any CPU
		Release|Any CPU = Release|Any CPU
	EndGlobalSection
	GlobalSection(ProjectConfigurationPlatforms) = postSolution
		{7864DE62-2A88-44FB-B4B4-AD57B1786A7A}.Debug|Any CPU.ActiveCfg = Debug|Any CPU
		{7864DE62-2A88-44FB-B4B4-AD57B1786A7A}.Debug|Any CPU.Build.0 = Debug|Any CPU
		{7864DE62-2A88-44FB-B4B4-AD57B1786A7A}.Release|Any CPU.ActiveCfg = Release|Any CPU
		{7864DE62-2A88-44FB-B4B4-AD57B1786A7A}.Release|Any CPU.Build.0 = Release|Any CPU
		{2177DF7A-4514-4922-B526-03E22AE394EA}.Debug|Any CPU.ActiveCfg = Debug|Any CPU
		{2177DF7A-4514-4922-B526-03E22AE394EA}.Debug|Any CPU.Build.0 = Debug|Any CPU
		{2177DF7A-4514-4922-B526-03E22AE394EA}.Release|Any CPU.ActiveCfg = Release|Any CPU
		{2177DF7A-4514-4922-B526-03E22AE394EA}.Release|Any CPU.Build.0 = Release|Any CPU
		{8AC90BE0-FAC1-4F15-9526-5CBC3724BE3A}.Debug|Any CPU.ActiveCfg = Debug|Any CPU
		{8AC90BE0-FAC1-4F15-9526-5CBC3724BE3A}.Debug|Any CPU.Build.0 = Debug|Any CPU
		{8AC90BE0-FAC1-4F15-9526-5CBC3724BE3A}.Release|Any CPU.ActiveCfg = Release|Any CPU
		{8AC90BE0-FAC1-4F15-9526-5CBC3724BE3A}.Release|Any CPU.Build.0 = Release|Any CPU
		{BB6658E7-ED68-4D48-BA9C-1952FB351F85}.Debug|Any CPU.ActiveCfg = Debug|Any CPU
		{BB6658E7-ED68-4D48-BA9C-1952FB351F85}.Debug|Any CPU.Build.0 = Debug|Any CPU
		{BB6658E7-ED68-4D48-BA9C-1952FB351F85}.Release|Any CPU.ActiveCfg = Release|Any CPU
		{BB6658E7-ED68-4D48-BA9C-1952FB351F85}.Release|Any CPU.Build.0 = Release|Any CPU
		{7AE5ECFC-91D9-430B-B1E4-C11A42960AD2}.Debug|Any CPU.ActiveCfg = Debug|Any CPU
		{7AE5ECFC-91D9-430B-B1E4-C11A42960AD2}.Debug|Any CPU.Build.0 = Debug|Any CPU
		{7AE5ECFC-91D9-430B-B1E4-C11A42960AD2}.Release|Any CPU.ActiveCfg = Release|Any CPU
		{7AE5ECFC-91D9-430B-B1E4-C11A42960AD2}.Release|Any CPU.Build.0 = Release|Any CPU
		{AD40A67A-2145-4715-9971-A363D9EBBB74}.Debug|Any CPU.ActiveCfg = Debug|Any CPU
		{AD40A67A-2145-4715-9971-A363D9EBBB74}.Debug|Any CPU.Build.0 = Debug|Any CPU
		{AD40A67A-2145-4715-9971-A363D9EBBB74}.Release|Any CPU.ActiveCfg = Release|Any CPU
		{AD40A67A-2145-4715-9971-A363D9EBBB74}.Release|Any CPU.Build.0 = Release|Any CPU
		{06FCB533-812B-4383-9165-B3EBBBF7721A}.Debug|Any CPU.ActiveCfg = Debug|Any CPU
		{06FCB533-812B-4383-9165-B3EBBBF7721A}.Debug|Any CPU.Build.0 = Debug|Any CPU
		{06FCB533-812B-4383-9165-B3EBBBF7721A}.Release|Any CPU.ActiveCfg = Release|Any CPU
		{06FCB533-812B-4383-9165-B3EBBBF7721A}.Release|Any CPU.Build.0 = Release|Any CPU
		{177F4287-B9AB-46D2-9E7D-B2BDE4EDC2E0}.Debug|Any CPU.ActiveCfg = Debug|Any CPU
		{177F4287-B9AB-46D2-9E7D-B2BDE4EDC2E0}.Debug|Any CPU.Build.0 = Debug|Any CPU
		{177F4287-B9AB-46D2-9E7D-B2BDE4EDC2E0}.Release|Any CPU.ActiveCfg = Release|Any CPU
		{177F4287-B9AB-46D2-9E7D-B2BDE4EDC2E0}.Release|Any CPU.Build.0 = Release|Any CPU
		{A9E88154-E5FB-474A-BC0A-DA8001540DEE}.Debug|Any CPU.ActiveCfg = Debug|Any CPU
		{A9E88154-E5FB-474A-BC0A-DA8001540DEE}.Debug|Any CPU.Build.0 = Debug|Any CPU
		{A9E88154-E5FB-474A-BC0A-DA8001540DEE}.Release|Any CPU.ActiveCfg = Release|Any CPU
		{A9E88154-E5FB-474A-BC0A-DA8001540DEE}.Release|Any CPU.Build.0 = Release|Any CPU
		{0DE11B20-868A-4EBD-B498-887959221839}.Debug|Any CPU.ActiveCfg = Debug|Any CPU
		{0DE11B20-868A-4EBD-B498-887959221839}.Debug|Any CPU.Build.0 = Debug|Any CPU
		{0DE11B20-868A-4EBD-B498-887959221839}.Release|Any CPU.ActiveCfg = Release|Any CPU
		{0DE11B20-868A-4EBD-B498-887959221839}.Release|Any CPU.Build.0 = Release|Any CPU
		{EF71A32A-2CF3-49E9-AC65-739B41B18BF3}.Debug|Any CPU.ActiveCfg = Debug|Any CPU
		{EF71A32A-2CF3-49E9-AC65-739B41B18BF3}.Debug|Any CPU.Build.0 = Debug|Any CPU
		{EF71A32A-2CF3-49E9-AC65-739B41B18BF3}.Release|Any CPU.ActiveCfg = Release|Any CPU
		{EF71A32A-2CF3-49E9-AC65-739B41B18BF3}.Release|Any CPU.Build.0 = Release|Any CPU
		{C4760BC9-3BE4-4D93-BF3B-049965D649E7}.Debug|Any CPU.ActiveCfg = Debug|Any CPU
		{C4760BC9-3BE4-4D93-BF3B-049965D649E7}.Debug|Any CPU.Build.0 = Debug|Any CPU
		{C4760BC9-3BE4-4D93-BF3B-049965D649E7}.Release|Any CPU.ActiveCfg = Release|Any CPU
		{C4760BC9-3BE4-4D93-BF3B-049965D649E7}.Release|Any CPU.Build.0 = Release|Any CPU
		{7BC0A0C9-CF95-4988-BF5B-84D719BA554C}.Debug|Any CPU.ActiveCfg = Debug|Any CPU
		{7BC0A0C9-CF95-4988-BF5B-84D719BA554C}.Debug|Any CPU.Build.0 = Debug|Any CPU
		{7BC0A0C9-CF95-4988-BF5B-84D719BA554C}.Release|Any CPU.ActiveCfg = Release|Any CPU
		{7BC0A0C9-CF95-4988-BF5B-84D719BA554C}.Release|Any CPU.Build.0 = Release|Any CPU
		{A799F7E6-F40B-4420-BB00-DE1ADA636CA1}.Debug|Any CPU.ActiveCfg = Debug|Any CPU
		{A799F7E6-F40B-4420-BB00-DE1ADA636CA1}.Debug|Any CPU.Build.0 = Debug|Any CPU
		{A799F7E6-F40B-4420-BB00-DE1ADA636CA1}.Release|Any CPU.ActiveCfg = Release|Any CPU
		{A799F7E6-F40B-4420-BB00-DE1ADA636CA1}.Release|Any CPU.Build.0 = Release|Any CPU
		{76D8D22F-918E-4AD4-B63D-9AC5219C68DA}.Debug|Any CPU.ActiveCfg = Debug|Any CPU
		{76D8D22F-918E-4AD4-B63D-9AC5219C68DA}.Debug|Any CPU.Build.0 = Debug|Any CPU
		{76D8D22F-918E-4AD4-B63D-9AC5219C68DA}.Release|Any CPU.ActiveCfg = Release|Any CPU
		{76D8D22F-918E-4AD4-B63D-9AC5219C68DA}.Release|Any CPU.Build.0 = Release|Any CPU
		{9E1E5D94-8602-417C-BE8C-446ED33E028B}.Debug|Any CPU.ActiveCfg = Debug|Any CPU
		{9E1E5D94-8602-417C-BE8C-446ED33E028B}.Debug|Any CPU.Build.0 = Debug|Any CPU
		{9E1E5D94-8602-417C-BE8C-446ED33E028B}.Release|Any CPU.ActiveCfg = Release|Any CPU
		{9E1E5D94-8602-417C-BE8C-446ED33E028B}.Release|Any CPU.Build.0 = Release|Any CPU
		{C75079BE-C5C4-4410-99C2-3AFB45BE73B2}.Debug|Any CPU.ActiveCfg = Debug|Any CPU
		{C75079BE-C5C4-4410-99C2-3AFB45BE73B2}.Debug|Any CPU.Build.0 = Debug|Any CPU
		{C75079BE-C5C4-4410-99C2-3AFB45BE73B2}.Release|Any CPU.ActiveCfg = Release|Any CPU
		{C75079BE-C5C4-4410-99C2-3AFB45BE73B2}.Release|Any CPU.Build.0 = Release|Any CPU
		{5C16338D-6A88-4E1C-95FC-546D4C7AED23}.Debug|Any CPU.ActiveCfg = Debug|Any CPU
		{5C16338D-6A88-4E1C-95FC-546D4C7AED23}.Debug|Any CPU.Build.0 = Debug|Any CPU
		{5C16338D-6A88-4E1C-95FC-546D4C7AED23}.Release|Any CPU.ActiveCfg = Release|Any CPU
		{5C16338D-6A88-4E1C-95FC-546D4C7AED23}.Release|Any CPU.Build.0 = Release|Any CPU
		{038C12D4-DE79-4400-A2E5-A1C0BEB6AEF3}.Debug|Any CPU.ActiveCfg = Debug|Any CPU
		{038C12D4-DE79-4400-A2E5-A1C0BEB6AEF3}.Debug|Any CPU.Build.0 = Debug|Any CPU
		{038C12D4-DE79-4400-A2E5-A1C0BEB6AEF3}.Release|Any CPU.ActiveCfg = Release|Any CPU
		{038C12D4-DE79-4400-A2E5-A1C0BEB6AEF3}.Release|Any CPU.Build.0 = Release|Any CPU
		{A764A66B-5035-47CE-B584-2ADA55C91996}.Debug|Any CPU.ActiveCfg = Debug|Any CPU
		{A764A66B-5035-47CE-B584-2ADA55C91996}.Debug|Any CPU.Build.0 = Debug|Any CPU
		{A764A66B-5035-47CE-B584-2ADA55C91996}.Release|Any CPU.ActiveCfg = Release|Any CPU
		{A764A66B-5035-47CE-B584-2ADA55C91996}.Release|Any CPU.Build.0 = Release|Any CPU
		{1C67B7D2-4AA7-45EF-BF88-1FCC1CD88C0C}.Debug|Any CPU.ActiveCfg = Debug|Any CPU
		{1C67B7D2-4AA7-45EF-BF88-1FCC1CD88C0C}.Debug|Any CPU.Build.0 = Debug|Any CPU
		{1C67B7D2-4AA7-45EF-BF88-1FCC1CD88C0C}.Release|Any CPU.ActiveCfg = Release|Any CPU
		{1C67B7D2-4AA7-45EF-BF88-1FCC1CD88C0C}.Release|Any CPU.Build.0 = Release|Any CPU
		{6917E8F2-F967-4719-8BF1-F8C4FBC0492F}.Debug|Any CPU.ActiveCfg = Debug|Any CPU
		{6917E8F2-F967-4719-8BF1-F8C4FBC0492F}.Debug|Any CPU.Build.0 = Debug|Any CPU
		{6917E8F2-F967-4719-8BF1-F8C4FBC0492F}.Release|Any CPU.ActiveCfg = Release|Any CPU
		{6917E8F2-F967-4719-8BF1-F8C4FBC0492F}.Release|Any CPU.Build.0 = Release|Any CPU
		{6D92ACD7-BDBB-4977-842E-9264666F9322}.Debug|Any CPU.ActiveCfg = Debug|Any CPU
		{6D92ACD7-BDBB-4977-842E-9264666F9322}.Debug|Any CPU.Build.0 = Debug|Any CPU
		{6D92ACD7-BDBB-4977-842E-9264666F9322}.Release|Any CPU.ActiveCfg = Release|Any CPU
		{6D92ACD7-BDBB-4977-842E-9264666F9322}.Release|Any CPU.Build.0 = Release|Any CPU
		{C292254C-443A-4C28-B5F2-3668086E4E9C}.Debug|Any CPU.ActiveCfg = Debug|Any CPU
		{C292254C-443A-4C28-B5F2-3668086E4E9C}.Debug|Any CPU.Build.0 = Debug|Any CPU
		{C292254C-443A-4C28-B5F2-3668086E4E9C}.Release|Any CPU.ActiveCfg = Release|Any CPU
		{C292254C-443A-4C28-B5F2-3668086E4E9C}.Release|Any CPU.Build.0 = Release|Any CPU
		{3A9614D9-13AF-4737-A37F-479E801652BA}.Debug|Any CPU.ActiveCfg = Debug|Any CPU
		{3A9614D9-13AF-4737-A37F-479E801652BA}.Debug|Any CPU.Build.0 = Debug|Any CPU
		{3A9614D9-13AF-4737-A37F-479E801652BA}.Release|Any CPU.ActiveCfg = Release|Any CPU
		{3A9614D9-13AF-4737-A37F-479E801652BA}.Release|Any CPU.Build.0 = Release|Any CPU
	EndGlobalSection
	GlobalSection(SolutionProperties) = preSolution
		HideSolutionNode = FALSE
	EndGlobalSection
	GlobalSection(ExtensibilityGlobals) = postSolution
		SolutionGuid = {1846F0F4-41DF-4473-A655-6CE801330231}
	EndGlobalSection
EndGlobal
